{
  "R": {
    "Version": "4.5.2",
    "Repositories": [
      {
        "Name": "CRAN",
        "URL": "https://packagemanager.posit.co/cran/latest"
      }
    ]
  },
  "Packages": {
    "DT": {
      "Package": "DT",
      "Version": "0.34.0",
      "Source": "Repository",
      "Repository": "CRAN",
      "Requirements": [
        "crosstalk",
        "htmltools",
        "htmlwidgets",
        "jquerylib",
        "jsonlite",
        "magrittr",
        "promises"
      ],
      "Hash": "a9d00f59f9c7e613dd4c3e0d27135a03"
    },
    "Deriv": {
      "Package": "Deriv",
      "Version": "4.2.0",
      "Source": "Repository",
      "Repository": "CRAN",
      "Requirements": [
        "methods"
      ],
      "Hash": "3c3130705944f882654c991829c0b5bc"
    },
    "Formula": {
      "Package": "Formula",
      "Version": "1.2-5",
      "Source": "Repository",
      "Repository": "CRAN",
      "Requirements": [
        "R",
        "stats"
      ],
      "Hash": "7a29697b75e027767a53fde6c903eca7"
    },
    "MASS": {
      "Package": "MASS",
      "Version": "7.3-65",
      "Source": "Repository",
      "Repository": "CRAN",
      "Requirements": [
        "R",
        "grDevices",
        "graphics",
        "methods",
        "stats",
        "utils"
      ],
      "Hash": "a41d0fc833ea756a1136b60a437efe26"
    },
    "MVN": {
      "Package": "MVN",
      "Version": "6.2",
      "Source": "Repository",
      "Repository": "CRAN",
      "Requirements": [
        "MASS",
        "boot",
        "car",
        "cli",
        "dplyr",
        "energy",
        "ggplot2",
        "methods",
        "mice",
        "moments",
        "nortest",
        "plotly",
        "purrr",
        "stringr",
        "tibble",
        "tidyr",
        "viridis"
      ],
      "Hash": "02b9e41da14c08977fa881c22c4e9a03"
    },
    "Matrix": {
      "Package": "Matrix",
      "Version": "1.7-4",
      "Source": "Repository",
      "Repository": "CRAN",
      "Requirements": [
        "R",
        "grDevices",
        "graphics",
        "grid",
        "lattice",
        "methods",
        "stats",
        "utils"
      ],
      "Hash": "7dbe8933065523bfc227027091bf2b1f"
    },
    "MatrixModels": {
      "Package": "MatrixModels",
      "Version": "0.5-4",
      "Source": "Repository",
      "Repository": "CRAN",
      "Requirements": [
        "Matrix",
        "R",
        "methods",
        "stats"
      ],
      "Hash": "7b77557b453924e27e8a0c88d6798cd4"
    },
    "PKI": {
      "Package": "PKI",
      "Version": "0.1-15",
      "Source": "Repository",
      "Repository": "CRAN",
      "Requirements": [
        "R",
        "base64enc"
      ],
      "Hash": "ec0620ffbe13af5d017a92077085965e"
    },
    "R6": {
      "Package": "R6",
      "Version": "2.6.1",
      "Source": "Repository",
      "Repository": "CRAN",
      "Requirements": [
        "R"
      ],
      "Hash": "d4335fe7207f1c01ab8c41762f5840d4"
    },
    "RColorBrewer": {
      "Package": "RColorBrewer",
      "Version": "1.1-3",
      "Source": "Repository",
      "Repository": "CRAN",
      "Requirements": [
        "R"
      ],
      "Hash": "45f0398006e83a5b10b72a90663d8d8c"
    },
    "Rcpp": {
      "Package": "Rcpp",
      "Version": "1.1.0",
      "Source": "Repository",
      "Repository": "CRAN",
      "Requirements": [
        "methods",
        "utils"
      ],
      "Hash": "0d3d8867aa41b0d9ad113b50c169ecb2"
    },
    "RcppArmadillo": {
      "Package": "RcppArmadillo",
      "Version": "15.2.2-1",
      "Source": "Repository",
      "Repository": "CRAN",
      "Requirements": [
        "R",
        "Rcpp",
        "methods",
        "stats",
        "utils"
      ],
      "Hash": "5c37bad87c31c73cb6d6b904d42d1b5b"
    },
    "RcppEigen": {
      "Package": "RcppEigen",
      "Version": "0.3.4.0.2",
      "Source": "Repository",
      "Repository": "CRAN",
      "Requirements": [
        "R",
        "Rcpp",
        "stats",
        "utils"
      ],
      "Hash": "4ac8e423216b8b70cb9653d1b3f71eb9"
    },
    "RcppTOML": {
      "Package": "RcppTOML",
      "Version": "0.2.3",
      "Source": "Repository",
      "Repository": "CRAN",
      "Requirements": [
        "R",
        "Rcpp"
      ],
      "Hash": "23eeca7d3c7d63fc7449108c0a66178c"
    },
    "Rdpack": {
      "Package": "Rdpack",
      "Version": "2.6.4",
      "Source": "Repository",
      "Repository": "CRAN",
      "Requirements": [
        "R",
        "methods",
        "rbibutils",
        "tools",
        "utils"
      ],
      "Hash": "1b2ca1972e3b00cd0bb5a98e16403028"
    },
    "S7": {
      "Package": "S7",
      "Version": "0.2.1",
      "Source": "Repository",
      "Repository": "CRAN",
      "Requirements": [
        "R",
        "utils"
      ],
      "Hash": "9da85950949574264f92f91f0e23de26"
    },
    "SparseM": {
      "Package": "SparseM",
      "Version": "1.84-2",
      "Source": "Repository",
      "Repository": "CRAN",
      "Requirements": [
        "R",
        "graphics",
        "methods",
        "stats",
        "utils"
      ],
      "Hash": "e78499cbcbbca98200254bd171379165"
    },
    "TTR": {
      "Package": "TTR",
      "Version": "0.24.4",
      "Source": "Repository",
      "Repository": "CRAN",
      "Requirements": [
        "curl",
        "xts",
        "zoo"
      ],
      "Hash": "1acd2b3db6e118dd161ee6cabedc4d4e"
    },
    "abind": {
      "Package": "abind",
      "Version": "1.4-8",
      "Source": "Repository",
      "Repository": "CRAN",
      "Requirements": [
        "R",
        "methods",
        "utils"
      ],
      "Hash": "2288423bb0f20a457800d7fc47f6aa54"
    },
    "askpass": {
      "Package": "askpass",
      "Version": "1.2.1",
      "Source": "Repository",
      "Repository": "CRAN",
      "Requirements": [
        "sys"
      ],
      "Hash": "c39f4155b3ceb1a9a2799d700fbd4b6a"
    },
    "backports": {
      "Package": "backports",
      "Version": "1.5.0",
      "Source": "Repository",
      "Repository": "CRAN",
      "Requirements": [
        "R"
      ],
      "Hash": "e1e1b9d75c37401117b636b7ae50827a"
    },
    "base64enc": {
      "Package": "base64enc",
      "Version": "0.1-3",
      "Source": "Repository",
      "Repository": "CRAN",
      "Requirements": [
        "R"
      ],
      "Hash": "543776ae6848fde2f48ff3816d0628bc"
    },
    "bit": {
      "Package": "bit",
      "Version": "4.6.0",
      "Source": "Repository",
      "Repository": "CRAN",
      "Requirements": [
        "R"
      ],
      "Hash": "ebe86ffd194564abdc895d87742d5a29"
    },
    "bit64": {
      "Package": "bit64",
      "Version": "4.6.0-1",
      "Source": "Repository",
      "Repository": "CRAN",
      "Requirements": [
        "R",
        "bit",
        "graphics",
        "methods",
        "stats",
        "utils"
      ],
      "Hash": "4f572fbc586294afff277db583b9060f"
    },
    "boot": {
      "Package": "boot",
      "Version": "1.3-32",
      "Source": "Repository",
      "Repository": "CRAN",
      "Requirements": [
        "R",
        "graphics",
        "stats"
      ],
      "Hash": "d39b147eb7fe9df64a1a55f72346360c"
    },
    "broom": {
      "Package": "broom",
      "Version": "1.0.11",
      "Source": "Repository",
      "Repository": "CRAN",
      "Requirements": [
        "R",
        "backports",
        "cli",
        "dplyr",
        "generics",
        "glue",
        "lifecycle",
        "purrr",
        "rlang",
        "stringr",
        "tibble",
        "tidyr"
      ],
      "Hash": "7452b2d126c7dd86fd91a78f80867e22"
    },
    "bslib": {
      "Package": "bslib",
      "Version": "0.9.0",
      "Source": "Repository",
      "Repository": "CRAN",
      "Requirements": [
        "R",
        "base64enc",
        "cachem",
        "fastmap",
        "grDevices",
        "htmltools",
        "jquerylib",
        "jsonlite",
        "lifecycle",
        "memoise",
        "mime",
        "rlang",
        "sass"
      ],
      "Hash": "70a6489cc254171fb9b4a7f130f44dca"
    },
    "cachem": {
      "Package": "cachem",
      "Version": "1.1.0",
      "Source": "Repository",
      "Repository": "CRAN",
      "Requirements": [
        "fastmap",
        "rlang"
      ],
      "Hash": "cd9a672193789068eb5a2aad65a0dedf"
    },
    "car": {
      "Package": "car",
      "Version": "3.1-3",
      "Source": "Repository",
      "Repository": "CRAN",
      "Requirements": [
        "Formula",
        "MASS",
        "R",
        "abind",
        "carData",
        "grDevices",
        "graphics",
        "lme4",
        "mgcv",
        "nlme",
        "nnet",
        "pbkrtest",
        "quantreg",
        "scales",
        "stats",
        "utils"
      ],
      "Hash": "82067bf302d1440b730437693a86406a"
    },
    "carData": {
      "Package": "carData",
      "Version": "3.0-5",
      "Source": "Repository",
      "Repository": "CRAN",
      "Requirements": [
        "R"
      ],
      "Hash": "ac6cdb8552c61bd36b0e54d07cf2aab7"
    },
    "cli": {
      "Package": "cli",
      "Version": "3.6.5",
      "Source": "Repository",
      "Repository": "CRAN",
      "Requirements": [
        "R",
        "utils"
      ],
      "Hash": "16850760556401a2eeb27d39bd11c9cb"
    },
    "clipr": {
      "Package": "clipr",
      "Version": "0.8.0",
      "Source": "Repository",
      "Repository": "CRAN",
      "Requirements": [
        "utils"
      ],
      "Hash": "3f038e5ac7f41d4ac41ce658c85e3042"
    },
    "codetools": {
      "Package": "codetools",
      "Version": "0.2-20",
      "Source": "Repository",
      "Repository": "CRAN",
      "Requirements": [
        "R"
      ],
      "Hash": "61e097f35917d342622f21cdc79c256e"
    },
    "colorspace": {
      "Package": "colorspace",
      "Version": "2.1-2",
      "Source": "Repository",
      "Repository": "CRAN",
      "Requirements": [
        "R",
        "grDevices",
        "graphics",
        "methods",
        "stats"
      ],
      "Hash": "2c14b873da71cacec1284f3f6d112ddc"
    },
    "commonmark": {
      "Package": "commonmark",
      "Version": "2.0.0",
      "Source": "Repository",
      "Repository": "CRAN",
      "Hash": "8cba62334c1088d21689d353a7e87663"
    },
    "cowplot": {
      "Package": "cowplot",
      "Version": "1.2.0",
      "Source": "Repository",
      "Repository": "CRAN",
      "Requirements": [
        "R",
        "ggplot2",
        "grDevices",
        "grid",
        "gtable",
        "methods",
        "rlang",
        "scales"
      ],
      "Hash": "596af504bed287f32d888a05889dcc9d"
    },
    "cpp11": {
      "Package": "cpp11",
      "Version": "0.5.2",
      "Source": "Repository",
      "Repository": "CRAN",
      "Requirements": [
        "R"
      ],
      "Hash": "2720e3fd3dad08f34b19b56b3d6f073d"
    },
    "crayon": {
      "Package": "crayon",
      "Version": "1.5.3",
      "Source": "Repository",
      "Repository": "CRAN",
      "Requirements": [
        "grDevices",
        "methods",
        "utils"
      ],
      "Hash": "859d96e65ef198fd43e82b9628d593ef"
    },
    "crosstalk": {
      "Package": "crosstalk",
      "Version": "1.2.2",
      "Source": "Repository",
      "Repository": "CRAN",
      "Requirements": [
        "R6",
        "htmltools",
        "jsonlite",
        "lazyeval"
      ],
      "Hash": "8b008bc619e0bbebb5646b3d37efdad1"
    },
    "curl": {
      "Package": "curl",
      "Version": "7.0.0",
      "Source": "Repository",
      "Repository": "CRAN",
      "Requirements": [
        "R"
      ],
      "Hash": "aa27e963d3deccf4bade44d06b976977"
    },
    "data.table": {
      "Package": "data.table",
      "Version": "1.17.8",
      "Source": "Repository",
      "Repository": "CRAN",
      "Requirements": [
        "R",
        "methods"
      ],
      "Hash": "1d991cd6160fa7b1fdbd3689034cbd15"
    },
    "digest": {
      "Package": "digest",
      "Version": "0.6.39",
      "Source": "Repository",
      "Repository": "CRAN",
      "Requirements": [
        "R",
        "utils"
      ],
      "Hash": "d18028e978a88b2b16ef8d400cb49adf"
    },
    "doBy": {
      "Package": "doBy",
      "Version": "4.7.1",
      "Source": "Repository",
      "Repository": "CRAN",
      "Requirements": [
        "Deriv",
        "MASS",
        "Matrix",
        "R",
        "boot",
        "broom",
        "cowplot",
        "dplyr",
        "forecast",
        "ggplot2",
        "methods",
        "microbenchmark",
        "modelr",
        "purrr",
        "rlang",
        "tibble",
        "tidyr"
      ],
      "Hash": "5f2c39d5a7cac55afb304e3a70c77554"
    },
    "dplyr": {
      "Package": "dplyr",
      "Version": "1.1.4",
      "Source": "Repository",
      "Repository": "CRAN",
      "Requirements": [
        "R",
        "R6",
        "cli",
        "generics",
        "glue",
        "lifecycle",
        "magrittr",
        "methods",
        "pillar",
        "rlang",
        "tibble",
        "tidyselect",
        "utils",
        "vctrs"
      ],
      "Hash": "fedd9d00c2944ff00a0e2696ccf048ec"
    },
    "energy": {
      "Package": "energy",
      "Version": "1.7-12",
      "Source": "Repository",
      "Repository": "CRAN",
      "Requirements": [
        "R",
        "Rcpp",
        "boot",
        "gsl",
        "stats"
      ],
      "Hash": "bedbcd2df44262c374062791966f7d4c"
    },
    "evaluate": {
      "Package": "evaluate",
      "Version": "1.0.5",
      "Source": "Repository",
      "Repository": "CRAN",
      "Requirements": [
        "R"
      ],
      "Hash": "94cf2c54237f6841cee68e3ba4ab5a14"
    },
    "farver": {
      "Package": "farver",
      "Version": "2.1.2",
      "Source": "Repository",
      "Repository": "CRAN",
      "Hash": "680887028577f3fa2a81e410ed0d6e42"
    },
    "fastmap": {
      "Package": "fastmap",
      "Version": "1.2.0",
      "Source": "Repository",
      "Repository": "CRAN",
      "Hash": "aa5e1cd11c2d15497494c5292d7ffcc8"
    },
    "fontawesome": {
      "Package": "fontawesome",
      "Version": "0.5.3",
      "Source": "Repository",
      "Repository": "CRAN",
      "Requirements": [
        "R",
        "htmltools",
        "rlang"
      ],
      "Hash": "bd1297f9b5b1fc1372d19e2c4cd82215"
    },
    "forcats": {
      "Package": "forcats",
      "Version": "1.0.1",
      "Source": "Repository",
      "Repository": "CRAN",
      "Requirements": [
        "R",
        "cli",
        "glue",
        "lifecycle",
        "magrittr",
        "rlang",
        "tibble"
      ],
      "Hash": "f884a14605c6a9eb01db676eee793ba7"
    },
    "foreach": {
      "Package": "foreach",
      "Version": "1.5.2",
      "Source": "Repository",
      "Repository": "CRAN",
      "Requirements": [
        "R",
        "codetools",
        "iterators",
        "utils"
      ],
      "Hash": "618609b42c9406731ead03adf5379850"
    },
    "forecast": {
      "Package": "forecast",
      "Version": "8.24.0",
      "Source": "Repository",
      "Repository": "CRAN",
      "Requirements": [
        "R",
        "Rcpp",
        "RcppArmadillo",
        "colorspace",
        "fracdiff",
        "generics",
        "ggplot2",
        "graphics",
        "lmtest",
        "magrittr",
        "nnet",
        "parallel",
        "stats",
        "timeDate",
        "tseries",
        "urca",
        "withr",
        "zoo"
      ],
      "Hash": "0f4ee6f4f1420d7780630bd6b0c3e280"
    },
    "fracdiff": {
      "Package": "fracdiff",
      "Version": "1.5-3",
      "Source": "Repository",
      "Repository": "CRAN",
      "Requirements": [
        "stats"
      ],
      "Hash": "a74597c42c5343764548aee4930e1ee1"
    },
    "fs": {
      "Package": "fs",
      "Version": "1.6.6",
      "Source": "Repository",
      "Repository": "CRAN",
      "Requirements": [
        "R",
        "methods"
      ],
      "Hash": "7eb1e342eee7e0a7449c49cdaa526d39"
    },
    "generics": {
      "Package": "generics",
      "Version": "0.1.4",
      "Source": "Repository",
      "Repository": "CRAN",
      "Requirements": [
        "R",
        "methods"
      ],
      "Hash": "4b29bf698d0c7bdb9f1e4976e7ade41d"
    },
    "ggplot2": {
      "Package": "ggplot2",
      "Version": "4.0.1",
      "Source": "Repository",
      "Repository": "CRAN",
      "Requirements": [
        "R",
        "S7",
        "cli",
        "grDevices",
        "grid",
        "gtable",
        "isoband",
        "lifecycle",
        "rlang",
        "scales",
        "stats",
        "vctrs",
        "withr"
      ],
      "Hash": "1bfa14b2a1668b3569dafb0478b2636b"
    },
    "glmnet": {
      "Package": "glmnet",
      "Version": "4.1-10",
      "Source": "Repository",
      "Repository": "CRAN",
      "Requirements": [
        "Matrix",
        "R",
        "Rcpp",
        "RcppEigen",
        "foreach",
        "methods",
        "shape",
        "survival",
        "utils"
      ],
      "Hash": "158d36283dd26ca74066e6c09226a72f"
    },
    "glue": {
      "Package": "glue",
      "Version": "1.8.0",
      "Source": "Repository",
      "Repository": "CRAN",
      "Requirements": [
        "R",
        "methods"
      ],
      "Hash": "5899f1eaa825580172bb56c08266f37c"
    },
    "gridExtra": {
      "Package": "gridExtra",
      "Version": "2.3",
      "Source": "Repository",
      "Repository": "CRAN",
      "Requirements": [
        "grDevices",
        "graphics",
        "grid",
        "gtable",
        "utils"
      ],
      "Hash": "7d7f283939f563670a697165b2cf5560"
    },
    "gsl": {
      "Package": "gsl",
      "Version": "2.1-9",
      "Source": "Repository",
      "Repository": "CRAN",
      "Requirements": [
        "R"
      ],
      "Hash": "6c2e67b032a0a3dba59dfc7acb71bb64"
    },
    "gtable": {
      "Package": "gtable",
      "Version": "0.3.6",
      "Source": "Repository",
      "Repository": "CRAN",
      "Requirements": [
        "R",
        "cli",
        "glue",
        "grid",
        "lifecycle",
        "rlang",
        "stats"
      ],
      "Hash": "de949855009e2d4d0e52a844e30617ae"
    },
    "haven": {
      "Package": "haven",
      "Version": "2.5.5",
      "Source": "Repository",
      "Repository": "CRAN",
      "Requirements": [
        "R",
        "cli",
        "cpp11",
        "forcats",
        "hms",
        "lifecycle",
        "methods",
        "readr",
        "rlang",
        "tibble",
        "tidyselect",
        "vctrs"
      ],
      "Hash": "437bc7804f8ffdfcfed38d0aead6a9d7"
    },
    "highr": {
      "Package": "highr",
      "Version": "0.11",
      "Source": "Repository",
      "Repository": "CRAN",
      "Requirements": [
        "R",
        "xfun"
      ],
      "Hash": "d65ba49117ca223614f71b60d85b8ab7"
    },
    "hms": {
      "Package": "hms",
      "Version": "1.1.4",
      "Source": "Repository",
      "Repository": "CRAN",
      "Requirements": [
        "cli",
        "lifecycle",
        "methods",
        "pkgconfig",
        "rlang",
        "vctrs"
      ],
      "Hash": "2799ac720626cec589478b191e48b88b"
    },
    "htmltools": {
      "Package": "htmltools",
      "Version": "0.5.9",
      "Source": "Repository",
      "Repository": "CRAN",
      "Requirements": [
        "R",
        "base64enc",
        "digest",
        "fastmap",
        "grDevices",
        "rlang",
        "utils"
      ],
      "Hash": "102298e238c14eb830cc4b5edd23c3e8"
    },
    "htmlwidgets": {
      "Package": "htmlwidgets",
      "Version": "1.6.4",
      "Source": "Repository",
      "Repository": "CRAN",
      "Requirements": [
        "grDevices",
        "htmltools",
        "jsonlite",
        "knitr",
        "rmarkdown",
        "yaml"
      ],
      "Hash": "04291cc45198225444a397606810ac37"
    },
    "httpuv": {
      "Package": "httpuv",
      "Version": "1.6.16",
      "Source": "Repository",
      "Repository": "CRAN",
      "Requirements": [
        "R",
        "R6",
        "Rcpp",
        "later",
        "promises",
        "utils"
      ],
      "Hash": "6c3c8728e40326de6529a5c46e377e5c"
    },
    "httr": {
      "Package": "httr",
      "Version": "1.4.7",
      "Source": "Repository",
      "Repository": "CRAN",
      "Requirements": [
        "R",
        "R6",
        "curl",
        "jsonlite",
        "mime",
        "openssl"
      ],
      "Hash": "ac107251d9d9fd72f0ca8049988f1d7f"
    },
    "isoband": {
      "Package": "isoband",
      "Version": "0.2.7",
      "Source": "Repository",
      "Repository": "CRAN",
      "Requirements": [
        "grid",
        "utils"
      ],
      "Hash": "0080607b4a1a7b28979aecef976d8bc2"
    },
    "iterators": {
      "Package": "iterators",
      "Version": "1.0.14",
      "Source": "Repository",
      "Repository": "CRAN",
      "Requirements": [
        "R",
        "utils"
      ],
      "Hash": "8954069286b4b2b0d023d1b288dce978"
    },
    "jomo": {
      "Package": "jomo",
      "Version": "2.7-6",
      "Source": "Repository",
      "Repository": "CRAN",
      "Requirements": [
        "MASS",
        "lme4",
        "ordinal",
        "stats",
        "survival",
        "tibble"
      ],
      "Hash": "74c00eaba35b9631d1656e84585bb6aa"
    },
    "jose": {
      "Package": "jose",
      "Version": "1.2.1",
      "Source": "Repository",
      "Repository": "CRAN",
      "Requirements": [
        "jsonlite",
        "openssl"
      ],
      "Hash": "cf5ae308441d505b8c7e4b08e0e510aa"
    },
    "jquerylib": {
      "Package": "jquerylib",
      "Version": "0.1.4",
      "Source": "Repository",
      "Repository": "CRAN",
      "Requirements": [
        "htmltools"
      ],
      "Hash": "5aab57a3bd297eee1c1d862735972182"
    },
    "jsonlite": {
      "Package": "jsonlite",
      "Version": "2.0.0",
      "Source": "Repository",
      "Repository": "CRAN",
      "Requirements": [
        "methods"
      ],
      "Hash": "b0776f526d36d8bd4a3344a88fe165c4"
    },
    "knitr": {
      "Package": "knitr",
      "Version": "1.50",
      "Source": "Repository",
      "Repository": "CRAN",
      "Requirements": [
        "R",
        "evaluate",
        "highr",
        "methods",
        "tools",
        "xfun",
        "yaml"
      ],
      "Hash": "5a07d8ec459d7b80bd4acca5f4a6e062"
    },
    "labeling": {
      "Package": "labeling",
      "Version": "0.4.3",
      "Source": "Repository",
      "Repository": "CRAN",
      "Requirements": [
        "graphics",
        "stats"
      ],
      "Hash": "b64ec208ac5bc1852b285f665d6368b3"
    },
    "later": {
      "Package": "later",
      "Version": "1.4.4",
      "Source": "Repository",
      "Repository": "CRAN",
      "Requirements": [
        "Rcpp",
        "rlang"
      ],
      "Hash": "a729883bff94b606cd4f0445aeed95b5"
    },
    "lattice": {
      "Package": "lattice",
      "Version": "0.22-7",
      "Source": "Repository",
      "Repository": "CRAN",
      "Requirements": [
        "R",
        "grDevices",
        "graphics",
        "grid",
        "stats",
        "utils"
      ],
      "Hash": "934f30aea6442867f57a610034ab06d3"
    },
    "lazyeval": {
      "Package": "lazyeval",
      "Version": "0.2.2",
      "Source": "Repository",
      "Repository": "CRAN",
      "Requirements": [
        "R"
      ],
      "Hash": "d908914ae53b04d4c0c0fd72ecc35370"
    },
    "lifecycle": {
      "Package": "lifecycle",
      "Version": "1.0.4",
      "Source": "Repository",
      "Repository": "CRAN",
      "Requirements": [
        "R",
        "cli",
        "glue",
        "rlang"
      ],
      "Hash": "b8552d117e1b808b09a832f589b79035"
    },
    "lme4": {
      "Package": "lme4",
      "Version": "1.1-38",
      "Source": "Repository",
      "Repository": "CRAN",
      "Requirements": [
        "MASS",
        "Matrix",
        "R",
        "Rcpp",
        "RcppEigen",
        "Rdpack",
        "boot",
        "graphics",
        "grid",
        "lattice",
        "methods",
        "minqa",
        "nlme",
        "nloptr",
        "parallel",
        "reformulas",
        "rlang",
        "splines",
        "stats",
        "utils"
      ],
      "Hash": "0a0abf28da4a31382cf6d523f2e1e3d1"
    },
    "lmtest": {
      "Package": "lmtest",
      "Version": "0.9-40",
      "Source": "Repository",
      "Repository": "CRAN",
      "Requirements": [
        "R",
        "graphics",
        "stats",
        "zoo"
      ],
      "Hash": "c6fafa6cccb1e1dfe7f7d122efd6e6a7"
    },
    "magrittr": {
      "Package": "magrittr",
      "Version": "2.0.4",
      "Source": "Repository",
      "Repository": "CRAN",
      "Requirements": [
        "R"
      ],
      "Hash": "8b3b213aa0c54a0dec254288ccb545d1"
    },
    "memoise": {
      "Package": "memoise",
      "Version": "2.0.1",
      "Source": "Repository",
      "Repository": "CRAN",
      "Requirements": [
        "cachem",
        "rlang"
      ],
      "Hash": "e2817ccf4a065c5d9d7f2cfbe7c1d78c"
    },
    "mgcv": {
      "Package": "mgcv",
      "Version": "1.9-3",
      "Source": "Repository",
      "Repository": "CRAN",
      "Requirements": [
        "Matrix",
        "R",
        "graphics",
        "methods",
        "nlme",
        "splines",
        "stats",
        "utils"
      ],
      "Hash": "51fcbccd59569cdad6da6b8e49cdf4f2"
    },
    "mice": {
      "Package": "mice",
      "Version": "3.18.0",
      "Source": "Repository",
      "Repository": "CRAN",
      "Requirements": [
        "R",
        "Rcpp",
        "broom",
        "cpp11",
        "dplyr",
        "glmnet",
        "grDevices",
        "graphics",
        "lattice",
        "mitml",
        "nnet",
        "rpart",
        "stats",
        "tidyr",
        "utils"
      ],
      "Hash": "5883b053fc64be4ea1a17dc0560e2b73"
    },
    "microbenchmark": {
      "Package": "microbenchmark",
      "Version": "1.5.0",
      "Source": "Repository",
      "Repository": "CRAN",
      "Requirements": [
        "R",
        "graphics",
        "stats"
      ],
      "Hash": "f9d226d88d4087d817d4e616626ce8e5"
    },
    "mime": {
      "Package": "mime",
      "Version": "0.13",
      "Source": "Repository",
      "Repository": "CRAN",
      "Requirements": [
        "tools"
      ],
      "Hash": "0ec19f34c72fab674d8f2b4b1c6410e1"
    },
    "minqa": {
      "Package": "minqa",
      "Version": "1.2.8",
      "Source": "Repository",
      "Repository": "CRAN",
      "Requirements": [
        "Rcpp"
      ],
      "Hash": "785ef8e22389d4a7634c6c944f2dc07d"
    },
    "mitml": {
      "Package": "mitml",
      "Version": "0.4-5",
      "Source": "Repository",
      "Repository": "CRAN",
      "Requirements": [
        "grDevices",
        "graphics",
        "haven",
        "jomo",
        "methods",
        "pan",
        "stats",
        "utils"
      ],
      "Hash": "7664664bb3addc9fd13355952532ec59"
    },
    "modelr": {
      "Package": "modelr",
      "Version": "0.1.11",
      "Source": "Repository",
      "Repository": "CRAN",
      "Requirements": [
        "R",
        "broom",
        "magrittr",
        "purrr",
        "rlang",
        "tibble",
        "tidyr",
        "tidyselect",
        "vctrs"
      ],
      "Hash": "4f50122dc256b1b6996a4703fecea821"
    },
    "moments": {
      "Package": "moments",
      "Version": "0.14.1",
      "Source": "Repository",
      "Repository": "CRAN",
      "Hash": "bb94fd8ee5f7f127eae2bddbff26864d"
    },
    "mvtnorm": {
      "Package": "mvtnorm",
      "Version": "1.3-3",
      "Source": "Repository",
      "Repository": "CRAN",
      "Requirements": [
        "R",
        "stats"
      ],
      "Hash": "c7241e6be9d6df551a2e539a50f5c875"
    },
    "nlme": {
      "Package": "nlme",
      "Version": "3.1-168",
      "Source": "Repository",
      "Repository": "CRAN",
      "Requirements": [
        "R",
        "graphics",
        "lattice",
        "stats",
        "utils"
      ],
      "Hash": "b1d2ea08d5d392831fbc32c872362b06"
    },
    "nloptr": {
      "Package": "nloptr",
      "Version": "2.2.1",
      "Source": "Repository",
      "Repository": "CRAN",
      "Hash": "dd6975473dd4c9b96e9be93b796b9c1a"
    },
    "nnet": {
      "Package": "nnet",
      "Version": "7.3-20",
      "Source": "Repository",
      "Repository": "CRAN",
      "Requirements": [
        "R",
        "stats",
        "utils"
      ],
      "Hash": "c955edf99ff24a32e96bd0a22645af60"
    },
    "nortest": {
      "Package": "nortest",
      "Version": "1.0-4",
      "Source": "Repository",
      "Repository": "CRAN",
      "Requirements": [
        "stats"
      ],
      "Hash": "e587e7a30c737ad415590976481332e4"
    },
    "numDeriv": {
      "Package": "numDeriv",
      "Version": "2016.8-1.1",
      "Source": "Repository",
      "Repository": "CRAN",
      "Requirements": [
        "R"
      ],
      "Hash": "df58958f293b166e4ab885ebcad90e02"
    },
    "openssl": {
      "Package": "openssl",
      "Version": "2.3.4",
      "Source": "Repository",
      "Repository": "CRAN",
      "Requirements": [
        "askpass"
      ],
      "Hash": "d5811dade9cd3a34a9038a45f1a59bae"
    },
    "ordinal": {
      "Package": "ordinal",
      "Version": "2023.12-4.1",
      "Source": "Repository",
      "Repository": "CRAN",
      "Requirements": [
        "MASS",
        "Matrix",
        "R",
        "methods",
        "nlme",
        "numDeriv",
        "stats",
        "ucminf"
      ],
      "Hash": "c54136f6b269d1e006d62f7dd8ff4c94"
    },
    "otel": {
      "Package": "otel",
      "Version": "0.2.0",
      "Source": "Repository",
      "Repository": "CRAN",
      "Requirements": [
        "R"
      ],
      "Hash": "627d6993db1043703c0b084fa432f21f"
    },
    "packrat": {
      "Package": "packrat",
      "Version": "0.9.3",
      "Source": "Repository",
      "Repository": "CRAN",
      "Requirements": [
        "R",
        "tools",
        "utils"
      ],
      "Hash": "d3289899c84c65def1a783ea0a9ea0eb"
    },
    "pan": {
      "Package": "pan",
      "Version": "1.9",
      "Source": "Repository",
      "Repository": "CRAN",
      "Requirements": [
        "R"
      ],
      "Hash": "aefe2753a8e7277e0fdd6d1d08d1692e"
    },
    "pbkrtest": {
      "Package": "pbkrtest",
      "Version": "0.5.5",
      "Source": "Repository",
      "Repository": "CRAN",
      "Requirements": [
        "MASS",
        "Matrix",
        "R",
        "broom",
        "doBy",
        "dplyr",
        "lme4",
        "methods",
        "numDeriv"
      ],
      "Hash": "b21709e9689035a7e1a3fa828ac3e058"
    },
    "pillar": {
      "Package": "pillar",
      "Version": "1.11.1",
      "Source": "Repository",
      "Repository": "CRAN",
      "Requirements": [
        "cli",
        "glue",
        "lifecycle",
        "rlang",
        "utf8",
        "utils",
        "vctrs"
      ],
      "Hash": "1395e64f2689ffd503657778e810cee2"
    },
    "pkgconfig": {
      "Package": "pkgconfig",
      "Version": "2.0.3",
      "Source": "Repository",
      "Repository": "CRAN",
      "Requirements": [
        "utils"
      ],
      "Hash": "01f28d4278f15c76cddbea05899c5d6f"
    },
    "plotly": {
      "Package": "plotly",
      "Version": "4.11.0",
      "Source": "Repository",
      "Repository": "CRAN",
      "Requirements": [
        "R",
        "RColorBrewer",
        "base64enc",
        "crosstalk",
        "data.table",
        "digest",
        "dplyr",
        "ggplot2",
        "htmltools",
        "htmlwidgets",
        "httr",
        "jsonlite",
        "lazyeval",
        "magrittr",
        "promises",
        "purrr",
        "rlang",
        "scales",
        "tibble",
        "tidyr",
        "tools",
        "vctrs",
        "viridisLite"
      ],
      "Hash": "51ccd0076867d9597cfba6771fee9080"
    },
    "prettyunits": {
      "Package": "prettyunits",
      "Version": "1.2.0",
      "Source": "Repository",
      "Repository": "CRAN",
      "Requirements": [
        "R"
      ],
      "Hash": "6b01fc98b1e86c4f705ce9dcfd2f57c7"
    },
    "progress": {
      "Package": "progress",
      "Version": "1.2.3",
      "Source": "Repository",
      "Repository": "CRAN",
      "Requirements": [
        "R",
        "R6",
        "crayon",
        "hms",
        "prettyunits"
      ],
      "Hash": "f4625e061cb2865f111b47ff163a5ca6"
    },
    "promises": {
      "Package": "promises",
      "Version": "1.5.0",
      "Source": "Repository",
      "Repository": "CRAN",
      "Requirements": [
        "R",
        "R6",
        "fastmap",
        "later",
        "lifecycle",
        "magrittr",
        "otel",
        "rlang"
      ],
      "Hash": "62cb899ed5fff70d4e918ec1b762bf7c"
    },
    "purrr": {
      "Package": "purrr",
      "Version": "1.2.0",
      "Source": "Repository",
      "Repository": "CRAN",
      "Requirements": [
        "R",
        "cli",
        "lifecycle",
        "magrittr",
        "rlang",
        "vctrs"
      ],
      "Hash": "5150f0e38b8150315ac853acade2740e"
    },
    "quadprog": {
      "Package": "quadprog",
      "Version": "1.5-8",
      "Source": "Repository",
      "Repository": "CRAN",
      "Requirements": [
        "R"
      ],
      "Hash": "5f919ae5e7f83a6f91dcf2288943370d"
    },
    "quantmod": {
      "Package": "quantmod",
      "Version": "0.4.28",
      "Source": "Repository",
      "Repository": "CRAN",
      "Requirements": [
        "R",
        "TTR",
        "curl",
        "jsonlite",
        "methods",
        "xts",
        "zoo"
      ],
      "Hash": "998e62a5735c2fe6b4a36b0d00e68b70"
    },
    "quantreg": {
      "Package": "quantreg",
      "Version": "6.1",
      "Source": "Repository",
      "Repository": "CRAN",
      "Requirements": [
        "MASS",
        "Matrix",
        "MatrixModels",
        "R",
        "SparseM",
        "graphics",
        "methods",
        "stats",
        "survival"
      ],
      "Hash": "c761594a7770e688a6e79003ed04877a"
    },
    "rappdirs": {
      "Package": "rappdirs",
      "Version": "0.3.3",
      "Source": "Repository",
      "Repository": "CRAN",
      "Requirements": [
        "R"
      ],
      "Hash": "5e3c5dc0b071b21fa128676560dbe94d"
    },
    "rbibutils": {
      "Package": "rbibutils",
      "Version": "2.4",
      "Source": "Repository",
      "Repository": "CRAN",
      "Requirements": [
        "R",
        "tools",
        "utils"
      ],
      "Hash": "a8aa7c707b1e81d3b5677600a46f0d6b"
    },
    "readr": {
      "Package": "readr",
      "Version": "2.1.6",
      "Source": "Repository",
      "Repository": "CRAN",
      "Requirements": [
        "R",
        "R6",
        "cli",
        "clipr",
        "cpp11",
        "crayon",
        "hms",
        "lifecycle",
        "methods",
        "rlang",
        "tibble",
        "tzdb",
        "utils",
        "vroom"
      ],
      "Hash": "141ebcec1bf55707751c7956a34d93db"
    },
    "reformulas": {
      "Package": "reformulas",
      "Version": "0.4.2",
      "Source": "Repository",
      "Repository": "CRAN",
      "Requirements": [
        "Matrix",
        "Rdpack",
        "methods",
        "stats"
      ],
      "Hash": "e9add0bdfac7f19db20500669bfa574b"
    },
    "renv": {
      "Package": "renv",
      "Version": "1.0.7",
      "Source": "Repository",
      "Repository": "RSPM",
      "Requirements": [
        "utils"
      ],
      "Hash": "397b7b2a265bc5a7a06852524dabae20"
    },
    "rlang": {
      "Package": "rlang",
      "Version": "1.1.6",
      "Source": "Repository",
      "Repository": "CRAN",
      "Requirements": [
        "R",
        "utils"
      ],
      "Hash": "892124978869b74935dc3934c42bfe5a"
    },
    "rmarkdown": {
      "Package": "rmarkdown",
      "Version": "2.30",
      "Source": "Repository",
      "Repository": "CRAN",
      "Requirements": [
        "R",
        "bslib",
        "evaluate",
        "fontawesome",
        "htmltools",
        "jquerylib",
        "jsonlite",
        "knitr",
        "methods",
        "tinytex",
        "tools",
        "utils",
        "xfun",
        "yaml"
      ],
      "Hash": "efe19db0fde0fff13cea7eec6f695021"
    },
    "rpart": {
      "Package": "rpart",
      "Version": "4.1.24",
      "Source": "Repository",
      "Repository": "CRAN",
      "Requirements": [
        "R",
        "grDevices",
        "graphics",
        "stats"
      ],
      "Hash": "ad31b457482eda7a12e51c5d8e7b0be4"
    },
    "rsconnect": {
      "Package": "rsconnect",
      "Version": "1.6.2",
      "Source": "Repository",
      "Repository": "CRAN",
      "Requirements": [
        "PKI",
        "R",
        "cli",
        "curl",
        "digest",
        "jsonlite",
        "lifecycle",
        "openssl",
        "packrat",
        "renv",
        "rlang",
        "rstudioapi",
        "snowflakeauth",
        "tools",
        "utils",
        "yaml"
      ],
      "Hash": "eb3a821be1190b7d3828ad9981e89be8"
    },
    "rstudioapi": {
      "Package": "rstudioapi",
      "Version": "0.17.1",
      "Source": "Repository",
      "Repository": "CRAN",
      "Hash": "5f90cd73946d706cfe26024294236113"
    },
    "sass": {
      "Package": "sass",
      "Version": "0.4.10",
      "Source": "Repository",
      "Repository": "CRAN",
      "Requirements": [
        "R6",
        "fs",
        "htmltools",
        "rappdirs",
        "rlang"
      ],
      "Hash": "3fb78d066fb92299b1d13f6a7c9a90a8"
    },
    "scales": {
      "Package": "scales",
      "Version": "1.4.0",
      "Source": "Repository",
      "Repository": "CRAN",
      "Requirements": [
        "R",
        "R6",
        "RColorBrewer",
        "cli",
        "farver",
        "glue",
        "labeling",
        "lifecycle",
        "rlang",
        "viridisLite"
      ],
      "Hash": "c5bba8f0d1df8c4b9538a40570798d9b"
    },
    "shape": {
      "Package": "shape",
      "Version": "1.4.6.1",
      "Source": "Repository",
      "Repository": "CRAN",
      "Requirements": [
        "R",
        "grDevices",
        "graphics",
        "stats"
      ],
      "Hash": "5c47e84dc0a3ca761ae1d307889e796d"
    },
    "shiny": {
      "Package": "shiny",
      "Version": "1.12.0",
      "Source": "Repository",
      "Repository": "CRAN",
      "Requirements": [
        "R",
        "R6",
        "bslib",
        "cachem",
        "cli",
        "commonmark",
        "fastmap",
        "fontawesome",
        "glue",
        "grDevices",
        "htmltools",
        "httpuv",
        "jsonlite",
        "later",
        "lifecycle",
        "methods",
        "mime",
        "otel",
        "promises",
        "rlang",
        "sourcetools",
        "tools",
        "utils",
        "withr",
        "xtable"
      ],
      "Hash": "c310a284823dec57d652e185e19950b8"
    },
    "shinydashboard": {
      "Package": "shinydashboard",
      "Version": "0.7.3",
      "Source": "Repository",
      "Repository": "CRAN",
      "Requirements": [
        "R",
        "htmltools",
        "promises",
        "shiny",
        "utils"
      ],
      "Hash": "b39bc6c8dd72423ccf9e30ec7eb6a0f2"
    },
    "snowflakeauth": {
      "Package": "snowflakeauth",
      "Version": "0.2.0",
      "Source": "Repository",
      "Repository": "CRAN",
      "Requirements": [
        "RcppTOML",
        "cli",
        "curl",
        "jose",
        "jsonlite",
        "openssl",
        "rlang"
      ],
      "Hash": "cc966d509015e3eeaf0a09ab9b4b535c"
    },
    "sourcetools": {
      "Package": "sourcetools",
      "Version": "0.1.7-1",
      "Source": "Repository",
      "Repository": "RSPM",
      "Requirements": [
        "R"
      ],
      "Hash": "5f5a7629f956619d519205ec475fe647"
    },
    "stringi": {
      "Package": "stringi",
      "Version": "1.8.7",
      "Source": "Repository",
      "Repository": "CRAN",
      "Requirements": [
        "R",
        "stats",
        "tools",
        "utils"
      ],
      "Hash": "2b56088e23bdd58f89aebf43a0913457"
    },
    "stringr": {
      "Package": "stringr",
      "Version": "1.6.0",
      "Source": "Repository",
      "Repository": "CRAN",
      "Requirements": [
        "R",
        "cli",
        "glue",
        "lifecycle",
        "magrittr",
        "rlang",
        "stringi",
        "vctrs"
      ],
      "Hash": "d47392652eedc68bf916657347ff2526"
    },
    "survival": {
      "Package": "survival",
      "Version": "3.8-3",
      "Source": "Repository",
      "Repository": "CRAN",
      "Requirements": [
        "Matrix",
        "R",
        "graphics",
        "methods",
        "splines",
        "stats",
        "utils"
      ],
      "Hash": "fe42836742a4f065b3f3f5de81fccab9"
    },
    "sys": {
      "Package": "sys",
      "Version": "3.4.3",
      "Source": "Repository",
      "Repository": "CRAN",
      "Hash": "de342ebfebdbf40477d0758d05426646"
    },
    "tibble": {
      "Package": "tibble",
      "Version": "3.3.0",
      "Source": "Repository",
      "Repository": "CRAN",
      "Requirements": [
        "R",
        "cli",
        "lifecycle",
        "magrittr",
        "methods",
        "pillar",
        "pkgconfig",
        "rlang",
        "utils",
        "vctrs"
      ],
      "Hash": "784b27d0801c3829de602105757b2cd7"
    },
    "tidyr": {
      "Package": "tidyr",
      "Version": "1.3.1",
      "Source": "Repository",
      "Repository": "CRAN",
      "Requirements": [
        "R",
        "cli",
        "cpp11",
        "dplyr",
        "glue",
        "lifecycle",
        "magrittr",
        "purrr",
        "rlang",
        "stringr",
        "tibble",
        "tidyselect",
        "utils",
        "vctrs"
      ],
      "Hash": "915fb7ce036c22a6a33b5a8adb712eb1"
    },
    "tidyselect": {
      "Package": "tidyselect",
      "Version": "1.2.1",
      "Source": "Repository",
      "Repository": "CRAN",
      "Requirements": [
        "R",
        "cli",
        "glue",
        "lifecycle",
        "rlang",
        "vctrs",
        "withr"
      ],
      "Hash": "829f27b9c4919c16b593794a6344d6c0"
    },
    "timeDate": {
      "Package": "timeDate",
      "Version": "4051.111",
      "Source": "Repository",
      "Repository": "CRAN",
      "Requirements": [
        "R",
        "graphics",
        "methods",
        "stats",
        "utils"
      ],
      "Hash": "ed2400152931480d09eeb28d678260d9"
    },
    "tinytex": {
      "Package": "tinytex",
      "Version": "0.58",
      "Source": "Repository",
      "Repository": "CRAN",
      "Requirements": [
        "xfun"
      ],
      "Hash": "03af3ad04817f3019de8ee5c73dab807"
    },
    "tseries": {
      "Package": "tseries",
      "Version": "0.10-58",
      "Source": "Repository",
      "Repository": "CRAN",
      "Requirements": [
        "R",
        "graphics",
        "jsonlite",
        "quadprog",
        "quantmod",
        "stats",
        "utils",
        "zoo"
      ],
      "Hash": "f9269495a613f8e237f01691bf789ead"
    },
    "tzdb": {
      "Package": "tzdb",
      "Version": "0.5.0",
      "Source": "Repository",
      "Repository": "CRAN",
      "Requirements": [
        "R",
        "cpp11"
      ],
      "Hash": "09e3961e87b7bafa4a9340bbb34aeda8"
    },
    "ucminf": {
      "Package": "ucminf",
      "Version": "1.2.2",
      "Source": "Repository",
      "Repository": "CRAN",
      "Requirements": [
        "R"
      ],
      "Hash": "e0750b911c01c3e5aaab143a86e9e478"
    },
    "urca": {
      "Package": "urca",
      "Version": "1.3-4",
      "Source": "Repository",
      "Repository": "CRAN",
      "Requirements": [
        "R",
        "graphics",
        "methods",
        "nlme",
        "stats"
      ],
      "Hash": "b664d22e4483f8299ce03d3146971e56"
    },
    "utf8": {
      "Package": "utf8",
      "Version": "1.2.6",
      "Source": "Repository",
      "Repository": "CRAN",
      "Requirements": [
        "R"
      ],
      "Hash": "d526d558be176e9ceb68c3d1e83479b7"
    },
    "vctrs": {
      "Package": "vctrs",
      "Version": "0.6.5",
      "Source": "Repository",
      "Repository": "CRAN",
      "Requirements": [
        "R",
        "cli",
        "glue",
        "lifecycle",
        "rlang"
      ],
      "Hash": "c03fa420630029418f7e6da3667aac4a"
    },
    "viridis": {
      "Package": "viridis",
      "Version": "0.6.5",
      "Source": "Repository",
      "Repository": "CRAN",
      "Requirements": [
        "R",
        "ggplot2",
        "gridExtra",
        "viridisLite"
      ],
      "Hash": "acd96d9fa70adeea4a5a1150609b9745"
    },
    "viridisLite": {
      "Package": "viridisLite",
      "Version": "0.4.2",
      "Source": "Repository",
      "Repository": "CRAN",
      "Requirements": [
        "R"
      ],
      "Hash": "c826c7c4241b6fc89ff55aaea3fa7491"
    },
    "vroom": {
      "Package": "vroom",
      "Version": "1.6.7",
      "Source": "Repository",
      "Repository": "CRAN",
      "Requirements": [
        "R",
        "bit64",
        "cli",
        "cpp11",
        "crayon",
        "glue",
        "hms",
        "lifecycle",
        "methods",
        "progress",
        "rlang",
        "stats",
        "tibble",
        "tidyselect",
        "tzdb",
        "vctrs",
        "withr"
      ],
      "Hash": "28a6b7464407ac68327ec02445e7b0fd"
    },
    "withr": {
      "Package": "withr",
      "Version": "3.0.2",
      "Source": "Repository",
      "Repository": "CRAN",
      "Requirements": [
        "R",
        "grDevices",
        "graphics"
      ],
      "Hash": "cc2d62c76458d425210d1eb1478b30b4"
    },
    "xfun": {
      "Package": "xfun",
      "Version": "0.54",
      "Source": "Repository",
      "Repository": "CRAN",
      "Requirements": [
        "R",
        "grDevices",
        "stats",
        "tools"
      ],
      "Hash": "d23c8a31e000d9865a8a6572f61da9ee"
    },
    "xtable": {
      "Package": "xtable",
      "Version": "1.8-4",
      "Source": "Repository",
      "Repository": "RSPM",
      "Requirements": [
        "R",
        "stats",
        "utils"
      ],
      "Hash": "b8acdf8af494d9ec19ccb2481a9b11c2"
    },
    "xts": {
      "Package": "xts",
      "Version": "0.14.1",
      "Source": "Repository",
      "Repository": "CRAN",
      "Requirements": [
        "R",
        "methods",
        "zoo"
      ],
      "Hash": "be0d8259b62c520dac5097ad7ba9baea"
    },
    "yaml": {
      "Package": "yaml",
      "Version": "2.3.11",
      "Source": "Repository",
      "Repository": "CRAN",
      "Hash": "fd01df43bb8d6c9e0c8968440bb46d34"
    },
    "zoo": {
      "Package": "zoo",
      "Version": "1.8-14",
      "Source": "Repository",
      "Repository": "CRAN",
      "Requirements": [
        "R",
        "grDevices",
        "graphics",
        "lattice",
        "stats",
        "utils"
      ],
      "Hash": "d55a14a07e7f0b4a66f432198bcca194"
    }
  }
}
